// !$*UTF8*$!
{
	archiveVersion = 1;
	classes = {
	};
	objectVersion = 56;
	objects = {

/* Begin PBXBuildFile section */
		5B7F5B9E2970DB660088BF33 /* NewExpense.swift in Sources */ = {isa = PBXBuildFile; fileRef = 5B7F5B9D2970DB650088BF33 /* NewExpense.swift */; };
		5B90768B296FA037006E4668 /* ExpenseTrackerApp.swift in Sources */ = {isa = PBXBuildFile; fileRef = 5B90768A296FA037006E4668 /* ExpenseTrackerApp.swift */; };
		5B90768D296FA037006E4668 /* ContentView.swift in Sources */ = {isa = PBXBuildFile; fileRef = 5B90768C296FA037006E4668 /* ContentView.swift */; };
		5B90768F296FA03C006E4668 /* Assets.xcassets in Resources */ = {isa = PBXBuildFile; fileRef = 5B90768E296FA03C006E4668 /* Assets.xcassets */; };
		5B907692296FA03C006E4668 /* Preview Assets.xcassets in Resources */ = {isa = PBXBuildFile; fileRef = 5B907691296FA03C006E4668 /* Preview Assets.xcassets */; };
		5B90769C296FA03C006E4668 /* ExpenseTrackerTests.swift in Sources */ = {isa = PBXBuildFile; fileRef = 5B90769B296FA03C006E4668 /* ExpenseTrackerTests.swift */; };
		5B9076A6296FA03C006E4668 /* ExpenseTrackerUITests.swift in Sources */ = {isa = PBXBuildFile; fileRef = 5B9076A5296FA03C006E4668 /* ExpenseTrackerUITests.swift */; };
		5B9076A8296FA03C006E4668 /* ExpenseTrackerUITestsLaunchTests.swift in Sources */ = {isa = PBXBuildFile; fileRef = 5B9076A7296FA03C006E4668 /* ExpenseTrackerUITestsLaunchTests.swift */; };
		5B9076B8296FA4BE006E4668 /* Home.swift in Sources */ = {isa = PBXBuildFile; fileRef = 5B9076B7296FA4BE006E4668 /* Home.swift */; };
		5B9076BE296FA717006E4668 /* Expense.swift in Sources */ = {isa = PBXBuildFile; fileRef = 5B9076BD296FA717006E4668 /* Expense.swift */; };
		5B9076C0296FB7CA006E4668 /* ExpenseViewModel.swift in Sources */ = {isa = PBXBuildFile; fileRef = 5B9076BF296FB7CA006E4668 /* ExpenseViewModel.swift */; };
		5B9076C2296FD6D9006E4668 /* TransactionCardView.swift in Sources */ = {isa = PBXBuildFile; fileRef = 5B9076C1296FD6D9006E4668 /* TransactionCardView.swift */; };
		5B9076C4296FDE28006E4668 /* FilteredDetailView.swift in Sources */ = {isa = PBXBuildFile; fileRef = 5B9076C3296FDE28006E4668 /* FilteredDetailView.swift */; };
		5B9076C629704B44006E4668 /* ExpenseCard.swift in Sources */ = {isa = PBXBuildFile; fileRef = 5B9076C529704B44006E4668 /* ExpenseCard.swift */; };
/* End PBXBuildFile section */

/* Begin PBXContainerItemProxy section */
		5B907698296FA03C006E4668 /* PBXContainerItemProxy */ = {
			isa = PBXContainerItemProxy;
			containerPortal = 5B90767F296FA037006E4668 /* Project object */;
			proxyType = 1;
			remoteGlobalIDString = 5B907686296FA037006E4668;
			remoteInfo = ExpenseTracker;
		};
		5B9076A2296FA03C006E4668 /* PBXContainerItemProxy */ = {
			isa = PBXContainerItemProxy;
			containerPortal = 5B90767F296FA037006E4668 /* Project object */;
			proxyType = 1;
			remoteGlobalIDString = 5B907686296FA037006E4668;
			remoteInfo = ExpenseTracker;
		};
/* End PBXContainerItemProxy section */

/* Begin PBXFileReference section */
		5B7F5B9D2970DB650088BF33 /* NewExpense.swift */ = {isa = PBXFileReference; lastKnownFileType = sourcecode.swift; path = NewExpense.swift; sourceTree = "<group>"; };
		5B907687296FA037006E4668 /* ExpenseTracker.app */ = {isa = PBXFileReference; explicitFileType = wrapper.application; includeInIndex = 0; path = ExpenseTracker.app; sourceTree = BUILT_PRODUCTS_DIR; };
		5B90768A296FA037006E4668 /* ExpenseTrackerApp.swift */ = {isa = PBXFileReference; lastKnownFileType = sourcecode.swift; path = ExpenseTrackerApp.swift; sourceTree = "<group>"; };
		5B90768C296FA037006E4668 /* ContentView.swift */ = {isa = PBXFileReference; lastKnownFileType = sourcecode.swift; path = ContentView.swift; sourceTree = "<group>"; };
		5B90768E296FA03C006E4668 /* Assets.xcassets */ = {isa = PBXFileReference; lastKnownFileType = folder.assetcatalog; path = Assets.xcassets; sourceTree = "<group>"; };
		5B907691296FA03C006E4668 /* Preview Assets.xcassets */ = {isa = PBXFileReference; lastKnownFileType = folder.assetcatalog; path = "Preview Assets.xcassets"; sourceTree = "<group>"; };
		5B907697296FA03C006E4668 /* ExpenseTrackerTests.xctest */ = {isa = PBXFileReference; explicitFileType = wrapper.cfbundle; includeInIndex = 0; path = ExpenseTrackerTests.xctest; sourceTree = BUILT_PRODUCTS_DIR; };
		5B90769B296FA03C006E4668 /* ExpenseTrackerTests.swift */ = {isa = PBXFileReference; lastKnownFileType = sourcecode.swift; path = ExpenseTrackerTests.swift; sourceTree = "<group>"; };
		5B9076A1296FA03C006E4668 /* ExpenseTrackerUITests.xctest */ = {isa = PBXFileReference; explicitFileType = wrapper.cfbundle; includeInIndex = 0; path = ExpenseTrackerUITests.xctest; sourceTree = BUILT_PRODUCTS_DIR; };
		5B9076A5296FA03C006E4668 /* ExpenseTrackerUITests.swift */ = {isa = PBXFileReference; lastKnownFileType = sourcecode.swift; path = ExpenseTrackerUITests.swift; sourceTree = "<group>"; };
		5B9076A7296FA03C006E4668 /* ExpenseTrackerUITestsLaunchTests.swift */ = {isa = PBXFileReference; lastKnownFileType = sourcecode.swift; path = ExpenseTrackerUITestsLaunchTests.swift; sourceTree = "<group>"; };
		5B9076B7296FA4BE006E4668 /* Home.swift */ = {isa = PBXFileReference; lastKnownFileType = sourcecode.swift; path = Home.swift; sourceTree = "<group>"; };
		5B9076BD296FA717006E4668 /* Expense.swift */ = {isa = PBXFileReference; lastKnownFileType = sourcecode.swift; path = Expense.swift; sourceTree = "<group>"; };
		5B9076BF296FB7CA006E4668 /* ExpenseViewModel.swift */ = {isa = PBXFileReference; lastKnownFileType = sourcecode.swift; path = ExpenseViewModel.swift; sourceTree = "<group>"; };
		5B9076C1296FD6D9006E4668 /* TransactionCardView.swift */ = {isa = PBXFileReference; lastKnownFileType = sourcecode.swift; path = TransactionCardView.swift; sourceTree = "<group>"; };
		5B9076C3296FDE28006E4668 /* FilteredDetailView.swift */ = {isa = PBXFileReference; lastKnownFileType = sourcecode.swift; path = FilteredDetailView.swift; sourceTree = "<group>"; };
		5B9076C529704B44006E4668 /* ExpenseCard.swift */ = {isa = PBXFileReference; lastKnownFileType = sourcecode.swift; path = ExpenseCard.swift; sourceTree = "<group>"; };
/* End PBXFileReference section */

/* Begin PBXFrameworksBuildPhase section */
		5B907684296FA037006E4668 /* Frameworks */ = {
			isa = PBXFrameworksBuildPhase;
			buildActionMask = 2147483647;
			files = (
			);
			runOnlyForDeploymentPostprocessing = 0;
		};
		5B907694296FA03C006E4668 /* Frameworks */ = {
			isa = PBXFrameworksBuildPhase;
			buildActionMask = 2147483647;
			files = (
			);
			runOnlyForDeploymentPostprocessing = 0;
		};
		5B90769E296FA03C006E4668 /* Frameworks */ = {
			isa = PBXFrameworksBuildPhase;
			buildActionMask = 2147483647;
			files = (
			);
			runOnlyForDeploymentPostprocessing = 0;
		};
/* End PBXFrameworksBuildPhase section */

/* Begin PBXGroup section */
		5B90767E296FA037006E4668 = {
			isa = PBXGroup;
			children = (
				5B907689296FA037006E4668 /* ExpenseTracker */,
				5B90769A296FA03C006E4668 /* ExpenseTrackerTests */,
				5B9076A4296FA03C006E4668 /* ExpenseTrackerUITests */,
				5B907688296FA037006E4668 /* Products */,
			);
			sourceTree = "<group>";
		};
		5B907688296FA037006E4668 /* Products */ = {
			isa = PBXGroup;
			children = (
				5B907687296FA037006E4668 /* ExpenseTracker.app */,
				5B907697296FA03C006E4668 /* ExpenseTrackerTests.xctest */,
				5B9076A1296FA03C006E4668 /* ExpenseTrackerUITests.xctest */,
			);
			name = Products;
			sourceTree = "<group>";
		};
		5B907689296FA037006E4668 /* ExpenseTracker */ = {
			isa = PBXGroup;
			children = (
				5B9076B6296FA492006E4668 /* ViewModel */,
				5B9076B5296FA48A006E4668 /* Model */,
				5B9076B4296FA481006E4668 /* View */,
				5B90768A296FA037006E4668 /* ExpenseTrackerApp.swift */,
				5B90768C296FA037006E4668 /* ContentView.swift */,
				5B90768E296FA03C006E4668 /* Assets.xcassets */,
				5B907690296FA03C006E4668 /* Preview Content */,
			);
			path = ExpenseTracker;
			sourceTree = "<group>";
		};
		5B907690296FA03C006E4668 /* Preview Content */ = {
			isa = PBXGroup;
			children = (
				5B907691296FA03C006E4668 /* Preview Assets.xcassets */,
			);
			path = "Preview Content";
			sourceTree = "<group>";
		};
		5B90769A296FA03C006E4668 /* ExpenseTrackerTests */ = {
			isa = PBXGroup;
			children = (
				5B90769B296FA03C006E4668 /* ExpenseTrackerTests.swift */,
			);
			path = ExpenseTrackerTests;
			sourceTree = "<group>";
		};
		5B9076A4296FA03C006E4668 /* ExpenseTrackerUITests */ = {
			isa = PBXGroup;
			children = (
				5B9076A5296FA03C006E4668 /* ExpenseTrackerUITests.swift */,
				5B9076A7296FA03C006E4668 /* ExpenseTrackerUITestsLaunchTests.swift */,
			);
			path = ExpenseTrackerUITests;
			sourceTree = "<group>";
		};
		5B9076B4296FA481006E4668 /* View */ = {
			isa = PBXGroup;
			children = (
				5B9076B7296FA4BE006E4668 /* Home.swift */,
				5B9076C1296FD6D9006E4668 /* TransactionCardView.swift */,
				5B9076C3296FDE28006E4668 /* FilteredDetailView.swift */,
				5B9076C529704B44006E4668 /* ExpenseCard.swift */,
				5B7F5B9D2970DB650088BF33 /* NewExpense.swift */,
			);
			path = View;
			sourceTree = "<group>";
		};
		5B9076B5296FA48A006E4668 /* Model */ = {
			isa = PBXGroup;
			children = (
				5B9076BD296FA717006E4668 /* Expense.swift */,
			);
			path = Model;
			sourceTree = "<group>";
		};
		5B9076B6296FA492006E4668 /* ViewModel */ = {
			isa = PBXGroup;
			children = (
				5B9076BF296FB7CA006E4668 /* ExpenseViewModel.swift */,
			);
			path = ViewModel;
			sourceTree = "<group>";
		};
/* End PBXGroup section */

/* Begin PBXNativeTarget section */
		5B907686296FA037006E4668 /* ExpenseTracker */ = {
			isa = PBXNativeTarget;
			buildConfigurationList = 5B9076AB296FA03C006E4668 /* Build configuration list for PBXNativeTarget "ExpenseTracker" */;
			buildPhases = (
				5B907683296FA037006E4668 /* Sources */,
				5B907684296FA037006E4668 /* Frameworks */,
				5B907685296FA037006E4668 /* Resources */,
			);
			buildRules = (
			);
			dependencies = (
			);
			name = ExpenseTracker;
			productName = ExpenseTracker;
			productReference = 5B907687296FA037006E4668 /* ExpenseTracker.app */;
			productType = "com.apple.product-type.application";
		};
		5B907696296FA03C006E4668 /* ExpenseTrackerTests */ = {
			isa = PBXNativeTarget;
			buildConfigurationList = 5B9076AE296FA03C006E4668 /* Build configuration list for PBXNativeTarget "ExpenseTrackerTests" */;
			buildPhases = (
				5B907693296FA03C006E4668 /* Sources */,
				5B907694296FA03C006E4668 /* Frameworks */,
				5B907695296FA03C006E4668 /* Resources */,
			);
			buildRules = (
			);
			dependencies = (
				5B907699296FA03C006E4668 /* PBXTargetDependency */,
			);
			name = ExpenseTrackerTests;
			productName = ExpenseTrackerTests;
			productReference = 5B907697296FA03C006E4668 /* ExpenseTrackerTests.xctest */;
			productType = "com.apple.product-type.bundle.unit-test";
		};
		5B9076A0296FA03C006E4668 /* ExpenseTrackerUITests */ = {
			isa = PBXNativeTarget;
			buildConfigurationList = 5B9076B1296FA03C006E4668 /* Build configuration list for PBXNativeTarget "ExpenseTrackerUITests" */;
			buildPhases = (
				5B90769D296FA03C006E4668 /* Sources */,
				5B90769E296FA03C006E4668 /* Frameworks */,
				5B90769F296FA03C006E4668 /* Resources */,
			);
			buildRules = (
			);
			dependencies = (
				5B9076A3296FA03C006E4668 /* PBXTargetDependency */,
			);
			name = ExpenseTrackerUITests;
			productName = ExpenseTrackerUITests;
			productReference = 5B9076A1296FA03C006E4668 /* ExpenseTrackerUITests.xctest */;
			productType = "com.apple.product-type.bundle.ui-testing";
		};
/* End PBXNativeTarget section */

/* Begin PBXProject section */
		5B90767F296FA037006E4668 /* Project object */ = {
			isa = PBXProject;
			attributes = {
				BuildIndependentTargetsInParallel = 1;
				LastSwiftUpdateCheck = 1420;
				LastUpgradeCheck = 1420;
				TargetAttributes = {
					5B907686296FA037006E4668 = {
						CreatedOnToolsVersion = 14.2;
					};
					5B907696296FA03C006E4668 = {
						CreatedOnToolsVersion = 14.2;
						TestTargetID = 5B907686296FA037006E4668;
					};
					5B9076A0296FA03C006E4668 = {
						CreatedOnToolsVersion = 14.2;
						TestTargetID = 5B907686296FA037006E4668;
					};
				};
			};
			buildConfigurationList = 5B907682296FA037006E4668 /* Build configuration list for PBXProject "ExpenseTracker" */;
			compatibilityVersion = "Xcode 14.0";
			developmentRegion = en;
			hasScannedForEncodings = 0;
			knownRegions = (
				en,
				Base,
			);
			mainGroup = 5B90767E296FA037006E4668;
			productRefGroup = 5B907688296FA037006E4668 /* Products */;
			projectDirPath = "";
			projectRoot = "";
			targets = (
				5B907686296FA037006E4668 /* ExpenseTracker */,
				5B907696296FA03C006E4668 /* ExpenseTrackerTests */,
				5B9076A0296FA03C006E4668 /* ExpenseTrackerUITests */,
			);
		};
/* End PBXProject section */

/* Begin PBXResourcesBuildPhase section */
		5B907685296FA037006E4668 /* Resources */ = {
			isa = PBXResourcesBuildPhase;
			buildActionMask = 2147483647;
			files = (
				5B907692296FA03C006E4668 /* Preview Assets.xcassets in Resources */,
				5B90768F296FA03C006E4668 /* Assets.xcassets in Resources */,
			);
			runOnlyForDeploymentPostprocessing = 0;
		};
		5B907695296FA03C006E4668 /* Resources */ = {
			isa = PBXResourcesBuildPhase;
			buildActionMask = 2147483647;
			files = (
			);
			runOnlyForDeploymentPostprocessing = 0;
		};
		5B90769F296FA03C006E4668 /* Resources */ = {
			isa = PBXResourcesBuildPhase;
			buildActionMask = 2147483647;
			files = (
			);
			runOnlyForDeploymentPostprocessing = 0;
		};
/* End PBXResourcesBuildPhase section */

/* Begin PBXSourcesBuildPhase section */
		5B907683296FA037006E4668 /* Sources */ = {
			isa = PBXSourcesBuildPhase;
			buildActionMask = 2147483647;
			files = (
				5B9076BE296FA717006E4668 /* Expense.swift in Sources */,
				5B9076C4296FDE28006E4668 /* FilteredDetailView.swift in Sources */,
				5B90768D296FA037006E4668 /* ContentView.swift in Sources */,
				5B7F5B9E2970DB660088BF33 /* NewExpense.swift in Sources */,
				5B9076B8296FA4BE006E4668 /* Home.swift in Sources */,
				5B9076C0296FB7CA006E4668 /* ExpenseViewModel.swift in Sources */,
				5B90768B296FA037006E4668 /* ExpenseTrackerApp.swift in Sources */,
				5B9076C629704B44006E4668 /* ExpenseCard.swift in Sources */,
				5B9076C2296FD6D9006E4668 /* TransactionCardView.swift in Sources */,
			);
			runOnlyForDeploymentPostprocessing = 0;
		};
		5B907693296FA03C006E4668 /* Sources */ = {
			isa = PBXSourcesBuildPhase;
			buildActionMask = 2147483647;
			files = (
				5B90769C296FA03C006E4668 /* ExpenseTrackerTests.swift in Sources */,
			);
			runOnlyForDeploymentPostprocessing = 0;
		};
		5B90769D296FA03C006E4668 /* Sources */ = {
			isa = PBXSourcesBuildPhase;
			buildActionMask = 2147483647;
			files = (
				5B9076A8296FA03C006E4668 /* ExpenseTrackerUITestsLaunchTests.swift in Sources */,
				5B9076A6296FA03C006E4668 /* ExpenseTrackerUITests.swift in Sources */,
			);
			runOnlyForDeploymentPostprocessing = 0;
		};
/* End PBXSourcesBuildPhase section */

/* Begin PBXTargetDependency section */
		5B907699296FA03C006E4668 /* PBXTargetDependency */ = {
			isa = PBXTargetDependency;
			target = 5B907686296FA037006E4668 /* ExpenseTracker */;
			targetProxy = 5B907698296FA03C006E4668 /* PBXContainerItemProxy */;
		};
		5B9076A3296FA03C006E4668 /* PBXTargetDependency */ = {
			isa = PBXTargetDependency;
			target = 5B907686296FA037006E4668 /* ExpenseTracker */;
			targetProxy = 5B9076A2296FA03C006E4668 /* PBXContainerItemProxy */;
		};
/* End PBXTargetDependency section */

/* Begin XCBuildConfiguration section */
		5B9076A9296FA03C006E4668 /* Debug */ = {
			isa = XCBuildConfiguration;
			buildSettings = {
				ALWAYS_SEARCH_USER_PATHS = NO;
				CLANG_ANALYZER_NONNULL = YES;
				CLANG_ANALYZER_NUMBER_OBJECT_CONVERSION = YES_AGGRESSIVE;
				CLANG_CXX_LANGUAGE_STANDARD = "gnu++20";
				CLANG_ENABLE_MODULES = YES;
				CLANG_ENABLE_OBJC_ARC = YES;
				CLANG_ENABLE_OBJC_WEAK = YES;
				CLANG_WARN_BLOCK_CAPTURE_AUTORELEASING = YES;
				CLANG_WARN_BOOL_CONVERSION = YES;
				CLANG_WARN_COMMA = YES;
				CLANG_WARN_CONSTANT_CONVERSION = YES;
				CLANG_WARN_DEPRECATED_OBJC_IMPLEMENTATIONS = YES;
				CLANG_WARN_DIRECT_OBJC_ISA_USAGE = YES_ERROR;
				CLANG_WARN_DOCUMENTATION_COMMENTS = YES;
				CLANG_WARN_EMPTY_BODY = YES;
				CLANG_WARN_ENUM_CONVERSION = YES;
				CLANG_WARN_INFINITE_RECURSION = YES;
				CLANG_WARN_INT_CONVERSION = YES;
				CLANG_WARN_NON_LITERAL_NULL_CONVERSION = YES;
				CLANG_WARN_OBJC_IMPLICIT_RETAIN_SELF = YES;
				CLANG_WARN_OBJC_LITERAL_CONVERSION = YES;
				CLANG_WARN_OBJC_ROOT_CLASS = YES_ERROR;
				CLANG_WARN_QUOTED_INCLUDE_IN_FRAMEWORK_HEADER = YES;
				CLANG_WARN_RANGE_LOOP_ANALYSIS = YES;
				CLANG_WARN_STRICT_PROTOTYPES = YES;
				CLANG_WARN_SUSPICIOUS_MOVE = YES;
				CLANG_WARN_UNGUARDED_AVAILABILITY = YES_AGGRESSIVE;
				CLANG_WARN_UNREACHABLE_CODE = YES;
				CLANG_WARN__DUPLICATE_METHOD_MATCH = YES;
				COPY_PHASE_STRIP = NO;
				DEBUG_INFORMATION_FORMAT = dwarf;
				ENABLE_STRICT_OBJC_MSGSEND = YES;
				ENABLE_TESTABILITY = YES;
				GCC_C_LANGUAGE_STANDARD = gnu11;
				GCC_DYNAMIC_NO_PIC = NO;
				GCC_NO_COMMON_BLOCKS = YES;
				GCC_OPTIMIZATION_LEVEL = 0;
				GCC_PREPROCESSOR_DEFINITIONS = (
					"DEBUG=1",
					"$(inherited)",
				);
				GCC_WARN_64_TO_32_BIT_CONVERSION = YES;
				GCC_WARN_ABOUT_RETURN_TYPE = YES_ERROR;
				GCC_WARN_UNDECLARED_SELECTOR = YES;
				GCC_WARN_UNINITIALIZED_AUTOS = YES_AGGRESSIVE;
				GCC_WARN_UNUSED_FUNCTION = YES;
				GCC_WARN_UNUSED_VARIABLE = YES;
				IPHONEOS_DEPLOYMENT_TARGET = 16.2;
				MTL_ENABLE_DEBUG_INFO = INCLUDE_SOURCE;
				MTL_FAST_MATH = YES;
				ONLY_ACTIVE_ARCH = YES;
				SDKROOT = iphoneos;
				SWIFT_ACTIVE_COMPILATION_CONDITIONS = DEBUG;
				SWIFT_OPTIMIZATION_LEVEL = "-Onone";
			};
			name = Debug;
		};
		5B9076AA296FA03C006E4668 /* Release */ = {
			isa = XCBuildConfiguration;
			buildSettings = {
				ALWAYS_SEARCH_USER_PATHS = NO;
				CLANG_ANALYZER_NONNULL = YES;
				CLANG_ANALYZER_NUMBER_OBJECT_CONVERSION = YES_AGGRESSIVE;
				CLANG_CXX_LANGUAGE_STANDARD = "gnu++20";
				CLANG_ENABLE_MODULES = YES;
				CLANG_ENABLE_OBJC_ARC = YES;
				CLANG_ENABLE_OBJC_WEAK = YES;
				CLANG_WARN_BLOCK_CAPTURE_AUTORELEASING = YES;
				CLANG_WARN_BOOL_CONVERSION = YES;
				CLANG_WARN_COMMA = YES;
				CLANG_WARN_CONSTANT_CONVERSION = YES;
				CLANG_WARN_DEPRECATED_OBJC_IMPLEMENTATIONS = YES;
				CLANG_WARN_DIRECT_OBJC_ISA_USAGE = YES_ERROR;
				CLANG_WARN_DOCUMENTATION_COMMENTS = YES;
				CLANG_WARN_EMPTY_BODY = YES;
				CLANG_WARN_ENUM_CONVERSION = YES;
				CLANG_WARN_INFINITE_RECURSION = YES;
				CLANG_WARN_INT_CONVERSION = YES;
				CLANG_WARN_NON_LITERAL_NULL_CONVERSION = YES;
				CLANG_WARN_OBJC_IMPLICIT_RETAIN_SELF = YES;
				CLANG_WARN_OBJC_LITERAL_CONVERSION = YES;
				CLANG_WARN_OBJC_ROOT_CLASS = YES_ERROR;
				CLANG_WARN_QUOTED_INCLUDE_IN_FRAMEWORK_HEADER = YES;
				CLANG_WARN_RANGE_LOOP_ANALYSIS = YES;
				CLANG_WARN_STRICT_PROTOTYPES = YES;
				CLANG_WARN_SUSPICIOUS_MOVE = YES;
				CLANG_WARN_UNGUARDED_AVAILABILITY = YES_AGGRESSIVE;
				CLANG_WARN_UNREACHABLE_CODE = YES;
				CLANG_WARN__DUPLICATE_METHOD_MATCH = YES;
				COPY_PHASE_STRIP = NO;
				DEBUG_INFORMATION_FORMAT = "dwarf-with-dsym";
				ENABLE_NS_ASSERTIONS = NO;
				ENABLE_STRICT_OBJC_MSGSEND = YES;
				GCC_C_LANGUAGE_STANDARD = gnu11;
				GCC_NO_COMMON_BLOCKS = YES;
				GCC_WARN_64_TO_32_BIT_CONVERSION = YES;
				GCC_WARN_ABOUT_RETURN_TYPE = YES_ERROR;
				GCC_WARN_UNDECLARED_SELECTOR = YES;
				GCC_WARN_UNINITIALIZED_AUTOS = YES_AGGRESSIVE;
				GCC_WARN_UNUSED_FUNCTION = YES;
				GCC_WARN_UNUSED_VARIABLE = YES;
				IPHONEOS_DEPLOYMENT_TARGET = 16.2;
				MTL_ENABLE_DEBUG_INFO = NO;
				MTL_FAST_MATH = YES;
				SDKROOT = iphoneos;
				SWIFT_COMPILATION_MODE = wholemodule;
				SWIFT_OPTIMIZATION_LEVEL = "-O";
				VALIDATE_PRODUCT = YES;
			};
			name = Release;
		};
		5B9076AC296FA03C006E4668 /* Debug */ = {
			isa = XCBuildConfiguration;
			buildSettings = {
				ASSETCATALOG_COMPILER_APPICON_NAME = AppIcon;
				ASSETCATALOG_COMPILER_GLOBAL_ACCENT_COLOR_NAME = AccentColor;
				CODE_SIGN_STYLE = Automatic;
				CURRENT_PROJECT_VERSION = 1;
				DEVELOPMENT_ASSET_PATHS = "\"ExpenseTracker/Preview Content\"";
				ENABLE_PREVIEWS = YES;
				GENERATE_INFOPLIST_FILE = YES;
				INFOPLIST_KEY_UIApplicationSceneManifest_Generation = YES;
				INFOPLIST_KEY_UIApplicationSupportsIndirectInputEvents = YES;
				INFOPLIST_KEY_UILaunchScreen_Generation = YES;
				INFOPLIST_KEY_UISupportedInterfaceOrientations_iPad = "UIInterfaceOrientationPortrait UIInterfaceOrientationPortraitUpsideDown UIInterfaceOrientationLandscapeLeft UIInterfaceOrientationLandscapeRight";
				INFOPLIST_KEY_UISupportedInterfaceOrientations_iPhone = "UIInterfaceOrientationPortrait UIInterfaceOrientationLandscapeLeft UIInterfaceOrientationLandscapeRight";
				LD_RUNPATH_SEARCH_PATHS = (
					"$(inherited)",
					"@executable_path/Frameworks",
				);
				MARKETING_VERSION = 1.0;
				PRODUCT_BUNDLE_IDENTIFIER = com.RishiAtukuri.ExpenseTracker;
				PRODUCT_NAME = "$(TARGET_NAME)";
				SWIFT_EMIT_LOC_STRINGS = YES;
				SWIFT_VERSION = 5.0;
				TARGETED_DEVICE_FAMILY = "1,2";
			};
			name = Debug;
		};
		5B9076AD296FA03C006E4668 /* Release */ = {
			isa = XCBuildConfiguration;
			buildSettings = {
				ASSETCATALOG_COMPILER_APPICON_NAME = AppIcon;
				ASSETCATALOG_COMPILER_GLOBAL_ACCENT_COLOR_NAME = AccentColor;
				CODE_SIGN_STYLE = Automatic;
				CURRENT_PROJECT_VERSION = 1;
				DEVELOPMENT_ASSET_PATHS = "\"ExpenseTracker/Preview Content\"";
				ENABLE_PREVIEWS = YES;
				GENERATE_INFOPLIST_FILE = YES;
				INFOPLIST_KEY_UIApplicationSceneManifest_Generation = YES;
				INFOPLIST_KEY_UIApplicationSupportsIndirectInputEvents = YES;
				INFOPLIST_KEY_UILaunchScreen_Generation = YES;
				INFOPLIST_KEY_UISupportedInterfaceOrientations_iPad = "UIInterfaceOrientationPortrait UIInterfaceOrientationPortraitUpsideDown UIInterfaceOrientationLandscapeLeft UIInterfaceOrientationLandscapeRight";
				INFOPLIST_KEY_UISupportedInterfaceOrientations_iPhone = "UIInterfaceOrientationPortrait UIInterfaceOrientationLandscapeLeft UIInterfaceOrientationLandscapeRight";
				LD_RUNPATH_SEARCH_PATHS = (
					"$(inherited)",
					"@executable_path/Frameworks",
				);
				MARKETING_VERSION = 1.0;
				PRODUCT_BUNDLE_IDENTIFIER = com.RishiAtukuri.ExpenseTracker;
				PRODUCT_NAME = "$(TARGET_NAME)";
				SWIFT_EMIT_LOC_STRINGS = YES;
				SWIFT_VERSION = 5.0;
				TARGETED_DEVICE_FAMILY = "1,2";
			};
			name = Release;
		};
		5B9076AF296FA03C006E4668 /* Debug */ = {
			isa = XCBuildConfiguration;
			buildSettings = {
				ALWAYS_EMBED_SWIFT_STANDARD_LIBRARIES = YES;
				BUNDLE_LOADER = "$(TEST_HOST)";
				CODE_SIGN_STYLE = Automatic;
				CURRENT_PROJECT_VERSION = 1;
				GENERATE_INFOPLIST_FILE = YES;
				IPHONEOS_DEPLOYMENT_TARGET = 16.2;
				MARKETING_VERSION = 1.0;
				PRODUCT_BUNDLE_IDENTIFIER = com.RishiAtukuri.ExpenseTrackerTests;
				PRODUCT_NAME = "$(TARGET_NAME)";
				SWIFT_EMIT_LOC_STRINGS = NO;
				SWIFT_VERSION = 5.0;
				TARGETED_DEVICE_FAMILY = "1,2";
				TEST_HOST = "$(BUILT_PRODUCTS_DIR)/ExpenseTracker.app/$(BUNDLE_EXECUTABLE_FOLDER_PATH)/ExpenseTracker";
			};
			name = Debug;
		};
		5B9076B0296FA03C006E4668 /* Release */ = {
			isa = XCBuildConfiguration;
			buildSettings = {
				ALWAYS_EMBED_SWIFT_STANDARD_LIBRARIES = YES;
				BUNDLE_LOADER = "$(TEST_HOST)";
				CODE_SIGN_STYLE = Automatic;
				CURRENT_PROJECT_VERSION = 1;
				GENERATE_INFOPLIST_FILE = YES;
				IPHONEOS_DEPLOYMENT_TARGET = 16.2;
				MARKETING_VERSION = 1.0;
				PRODUCT_BUNDLE_IDENTIFIER = com.RishiAtukuri.ExpenseTrackerTests;
				PRODUCT_NAME = "$(TARGET_NAME)";
				SWIFT_EMIT_LOC_STRINGS = NO;
				SWIFT_VERSION = 5.0;
				TARGETED_DEVICE_FAMILY = "1,2";
				TEST_HOST = "$(BUILT_PRODUCTS_DIR)/ExpenseTracker.app/$(BUNDLE_EXECUTABLE_FOLDER_PATH)/ExpenseTracker";
			};
			name = Release;
		};
		5B9076B2296FA03C006E4668 /* Debug */ = {
			isa = XCBuildConfiguration;
			buildSettings = {
				ALWAYS_EMBED_SWIFT_STANDARD_LIBRARIES = YES;
				CODE_SIGN_STYLE = Automatic;
				CURRENT_PROJECT_VERSION = 1;
				GENERATE_INFOPLIST_FILE = YES;
				MARKETING_VERSION = 1.0;
				PRODUCT_BUNDLE_IDENTIFIER = com.RishiAtukuri.ExpenseTrackerUITests;
				PRODUCT_NAME = "$(TARGET_NAME)";
				SWIFT_EMIT_LOC_STRINGS = NO;
				SWIFT_VERSION = 5.0;
				TARGETED_DEVICE_FAMILY = "1,2";
				TEST_TARGET_NAME = ExpenseTracker;
			};
			name = Debug;
		};
		5B9076B3296FA03C006E4668 /* Release */ = {
			isa = XCBuildConfiguration;
			buildSettings = {
				ALWAYS_EMBED_SWIFT_STANDARD_LIBRARIES = YES;
				CODE_SIGN_STYLE = Automatic;
				CURRENT_PROJECT_VERSION = 1;
				GENERATE_INFOPLIST_FILE = YES;
				MARKETING_VERSION = 1.0;
				PRODUCT_BUNDLE_IDENTIFIER = com.RishiAtukuri.ExpenseTrackerUITests;
				PRODUCT_NAME = "$(TARGET_NAME)";
				SWIFT_EMIT_LOC_STRINGS = NO;
				SWIFT_VERSION = 5.0;
				TARGETED_DEVICE_FAMILY = "1,2";
				TEST_TARGET_NAME = ExpenseTracker;
			};
			name = Release;
		};
/* End XCBuildConfiguration section */

/* Begin XCConfigurationList section */
		5B907682296FA037006E4668 /* Build configuration list for PBXProject "ExpenseTracker" */ = {
			isa = XCConfigurationList;
			buildConfigurations = (
				5B9076A9296FA03C006E4668 /* Debug */,
				5B9076AA296FA03C006E4668 /* Release */,
			);
			defaultConfigurationIsVisible = 0;
			defaultConfigurationName = Release;
		};
		5B9076AB296FA03C006E4668 /* Build configuration list for PBXNativeTarget "ExpenseTracker" */ = {
			isa = XCConfigurationList;
			buildConfigurations = (
				5B9076AC296FA03C006E4668 /* Debug */,
				5B9076AD296FA03C006E4668 /* Release */,
			);
			defaultConfigurationIsVisible = 0;
			defaultConfigurationName = Release;
		};
		5B9076AE296FA03C006E4668 /* Build configuration list for PBXNativeTarget "ExpenseTrackerTests" */ = {
			isa = XCConfigurationList;
			buildConfigurations = (
				5B9076AF296FA03C006E4668 /* Debug */,
				5B9076B0296FA03C006E4668 /* Release */,
			);
			defaultConfigurationIsVisible = 0;
			defaultConfigurationName = Release;
		};
		5B9076B1296FA03C006E4668 /* Build configuration list for PBXNativeTarget "ExpenseTrackerUITests" */ = {
			isa = XCConfigurationList;
			buildConfigurations = (
				5B9076B2296FA03C006E4668 /* Debug */,
				5B9076B3296FA03C006E4668 /* Release */,
			);
			defaultConfigurationIsVisible = 0;
			defaultConfigurationName = Release;
		};
/* End XCConfigurationList section */
	};
	rootObject = 5B90767F296FA037006E4668 /* Project object */;
}
